
Microsoft Visual Studio Solution File, Format Version 12.00
Project("{FAE04EC0-301F-11D3-BF4B-00C04F79EFBC}") = "Sandbox.Tests", "Sandbox.Tests\Sandbox.Tests.csproj", "{894B2E29-C810-4F1F-B4F1-951E2390F24A}"
EndProject
Project("{FAE04EC0-301F-11D3-BF4B-00C04F79EFBC}") = "Sandbox", "Sandbox\Sandbox.csproj", "{CCDC1F03-176F-468B-A04B-FC25739C3E17}"
EndProject
Project("{FAE04EC0-301F-11D3-BF4B-00C04F79EFBC}") = "Net7APIBoilerplate", "Net7APIBoilerplate\Net7APIBoilerplate.csproj", "{F8D4AE86-7570-4B12-AED8-80CBB9AE06D6}"
EndProject
Project("{FAE04EC0-301F-11D3-BF4B-00C04F79EFBC}") = "Net7APIBoilerPlate.Tests", "Net7APIBoilerPlate.Tests\Net7APIBoilerPlate.Tests.csproj", "{D8E26709-297C-4F04-9AC8-C9976A2D4AB7}"
EndProject
Global
	GlobalSection(SolutionConfigurationPlatforms) = preSolution
		Debug|Any CPU = Debug|Any CPU
		Release|Any CPU = Release|Any CPU
	EndGlobalSection
	GlobalSection(ProjectConfigurationPlatforms) = postSolution
		{894B2E29-C810-4F1F-B4F1-951E2390F24A}.Debug|Any CPU.ActiveCfg = Debug|Any CPU
		{894B2E29-C810-4F1F-B4F1-951E2390F24A}.Debug|Any CPU.Build.0 = Debug|Any CPU
		{894B2E29-C810-4F1F-B4F1-951E2390F24A}.Release|Any CPU.ActiveCfg = Release|Any CPU
		{894B2E29-C810-4F1F-B4F1-951E2390F24A}.Release|Any CPU.Build.0 = Release|Any CPU
		{CCDC1F03-176F-468B-A04B-FC25739C3E17}.Debug|Any CPU.ActiveCfg = Debug|Any CPU
		{CCDC1F03-176F-468B-A04B-FC25739C3E17}.Debug|Any CPU.Build.0 = Debug|Any CPU
		{CCDC1F03-176F-468B-A04B-FC25739C3E17}.Release|Any CPU.ActiveCfg = Release|Any CPU
		{CCDC1F03-176F-468B-A04B-FC25739C3E17}.Release|Any CPU.Build.0 = Release|Any CPU
		{F8D4AE86-7570-4B12-AED8-80CBB9AE06D6}.Debug|Any CPU.ActiveCfg = Debug|Any CPU
		{F8D4AE86-7570-4B12-AED8-80CBB9AE06D6}.Debug|Any CPU.Build.0 = Debug|Any CPU
		{F8D4AE86-7570-4B12-AED8-80CBB9AE06D6}.Release|Any CPU.ActiveCfg = Release|Any CPU
		{F8D4AE86-7570-4B12-AED8-80CBB9AE06D6}.Release|Any CPU.Build.0 = Release|Any CPU
		{D8E26709-297C-4F04-9AC8-C9976A2D4AB7}.Debug|Any CPU.ActiveCfg = Debug|Any CPU
		{D8E26709-297C-4F04-9AC8-C9976A2D4AB7}.Debug|Any CPU.Build.0 = Debug|Any CPU
		{D8E26709-297C-4F04-9AC8-C9976A2D4AB7}.Release|Any CPU.ActiveCfg = Release|Any CPU
		{D8E26709-297C-4F04-9AC8-C9976A2D4AB7}.Release|Any CPU.Build.0 = Release|Any CPU
	EndGlobalSection
EndGlobal
